// !$*UTF8*$!
{
	archiveVersion = 1;
	classes = {
	};
	objectVersion = 46;
	objects = {

/* Begin PBXBuildFile section */
		91268B2CFC7947B41EFEC7DA /* libPods-FitTimeFitBake.a in Frameworks */ = {isa = PBXBuildFile; fileRef = 60B8C5E1D671A69111FF3A3C /* libPods-FitTimeFitBake.a */; };
		BC15F16C1D9BF2AF003EE97A /* QuestionTableViewCell.m in Sources */ = {isa = PBXBuildFile; fileRef = BC15F16B1D9BF2AF003EE97A /* QuestionTableViewCell.m */; };
		BC15F16F1D9C09E4003EE97A /* LoginViewController.m in Sources */ = {isa = PBXBuildFile; fileRef = BC15F16E1D9C09E4003EE97A /* LoginViewController.m */; };
		BC15F1721D9C09EF003EE97A /* RegisterViewController.m in Sources */ = {isa = PBXBuildFile; fileRef = BC15F1711D9C09EF003EE97A /* RegisterViewController.m */; };
		BC15F1751D9C1FD6003EE97A /* MyOtherWayLoginButton.m in Sources */ = {isa = PBXBuildFile; fileRef = BC15F1741D9C1FD6003EE97A /* MyOtherWayLoginButton.m */; };
		BC15F2351D9D447E003EE97A /* AllTypeViewController.m in Sources */ = {isa = PBXBuildFile; fileRef = BC15F2341D9D447E003EE97A /* AllTypeViewController.m */; };
		BC15F2381D9D52E5003EE97A /* ScrollViewDetailViewController.m in Sources */ = {isa = PBXBuildFile; fileRef = BC15F2371D9D52E5003EE97A /* ScrollViewDetailViewController.m */; };
		BC1FFBA51D93C2F00045D564 /* MyFoundButton.m in Sources */ = {isa = PBXBuildFile; fileRef = BC1FFBA41D93C2F00045D564 /* MyFoundButton.m */; };
		BC1FFBA81D93D2710045D564 /* MyHotButton.m in Sources */ = {isa = PBXBuildFile; fileRef = BC1FFBA71D93D2710045D564 /* MyHotButton.m */; };
		BC1FFBAB1D93F97F0045D564 /* MyDayActityButton.m in Sources */ = {isa = PBXBuildFile; fileRef = BC1FFBAA1D93F97F0045D564 /* MyDayActityButton.m */; };
		BC1FFBB21D9409320045D564 /* MyBigClassButton.m in Sources */ = {isa = PBXBuildFile; fileRef = BC1FFBB11D9409320045D564 /* MyBigClassButton.m */; };
		BC1FFBDE1D95487C0045D564 /* BakeView.m in Sources */ = {isa = PBXBuildFile; fileRef = BC1FFBDD1D95487C0045D564 /* BakeView.m */; };
		BC1FFBE31D955E2A0045D564 /* new.gif in Resources */ = {isa = PBXBuildFile; fileRef = BC1FFBE01D955E2A0045D564 /* new.gif */; };
		BC1FFBE41D955E2A0045D564 /* shipu.gif in Resources */ = {isa = PBXBuildFile; fileRef = BC1FFBE11D955E2A0045D564 /* shipu.gif */; };
		BC1FFBE51D955E2A0045D564 /* zuopin.gif in Resources */ = {isa = PBXBuildFile; fileRef = BC1FFBE21D955E2A0045D564 /* zuopin.gif */; };
		BC1FFBE91D9562480045D564 /* NetDataDownLoad.m in Sources */ = {isa = PBXBuildFile; fileRef = BC1FFBE81D9562480045D564 /* NetDataDownLoad.m */; };
		BC1FFBEC1D956E8D0045D564 /* BakeWayModel.m in Sources */ = {isa = PBXBuildFile; fileRef = BC1FFBEB1D956E8D0045D564 /* BakeWayModel.m */; };
		BC1FFBF21D9578620045D564 /* BakeWayHeaderView.m in Sources */ = {isa = PBXBuildFile; fileRef = BC1FFBF11D9578620045D564 /* BakeWayHeaderView.m */; };
		BC1FFBF51D9578FE0045D564 /* BakeWayTableViewCell.m in Sources */ = {isa = PBXBuildFile; fileRef = BC1FFBF41D9578FE0045D564 /* BakeWayTableViewCell.m */; };
		BC4B39FC1D901A8700A678E7 /* main.m in Sources */ = {isa = PBXBuildFile; fileRef = BC4B39FB1D901A8700A678E7 /* main.m */; };
		BC4B39FF1D901A8700A678E7 /* AppDelegate.m in Sources */ = {isa = PBXBuildFile; fileRef = BC4B39FE1D901A8700A678E7 /* AppDelegate.m */; };
		BC4B3A051D901A8700A678E7 /* Main.storyboard in Resources */ = {isa = PBXBuildFile; fileRef = BC4B3A031D901A8700A678E7 /* Main.storyboard */; };
		BC4B3A071D901A8700A678E7 /* Assets.xcassets in Resources */ = {isa = PBXBuildFile; fileRef = BC4B3A061D901A8700A678E7 /* Assets.xcassets */; };
		BC4B3A0A1D901A8700A678E7 /* LaunchScreen.storyboard in Resources */ = {isa = PBXBuildFile; fileRef = BC4B3A081D901A8700A678E7 /* LaunchScreen.storyboard */; };
		BC7F71A71DA78ECE00DEA2B3 /* GetMessageViewController.m in Sources */ = {isa = PBXBuildFile; fileRef = BC7F71A61DA78ECE00DEA2B3 /* GetMessageViewController.m */; };
		BC97B7F71D9E207300E9CA2F /* FoundViewController.m in Sources */ = {isa = PBXBuildFile; fileRef = BC97B7F61D9E207300E9CA2F /* FoundViewController.m */; };
		BC97B7FA1D9E220600E9CA2F /* HotDetailViewController.m in Sources */ = {isa = PBXBuildFile; fileRef = BC97B7F91D9E220600E9CA2F /* HotDetailViewController.m */; };
		BC97B7FD1D9E226100E9CA2F /* RecipeGuyViewController.m in Sources */ = {isa = PBXBuildFile; fileRef = BC97B7FC1D9E226100E9CA2F /* RecipeGuyViewController.m */; };
		BC97B8001D9E22BC00E9CA2F /* DailyActivityViewController.m in Sources */ = {isa = PBXBuildFile; fileRef = BC97B7FF1D9E22BC00E9CA2F /* DailyActivityViewController.m */; };
		BC97B8031D9E241E00E9CA2F /* BigClassViewController.m in Sources */ = {isa = PBXBuildFile; fileRef = BC97B8021D9E241E00E9CA2F /* BigClassViewController.m */; };
		BC97B8061D9E248400E9CA2F /* NiuDetailViewController.m in Sources */ = {isa = PBXBuildFile; fileRef = BC97B8051D9E248400E9CA2F /* NiuDetailViewController.m */; };
		BC97B8091D9E267E00E9CA2F /* SelectTypeViewController.m in Sources */ = {isa = PBXBuildFile; fileRef = BC97B8081D9E267E00E9CA2F /* SelectTypeViewController.m */; };
		BC9F9EBC1DA51E750083B89E /* MOBFoundation.framework in Frameworks */ = {isa = PBXBuildFile; fileRef = BC9F9EBA1DA51E750083B89E /* MOBFoundation.framework */; };
		BC9F9EBD1DA51E760083B89E /* SMS_SDK.framework in Frameworks */ = {isa = PBXBuildFile; fileRef = BC9F9EBB1DA51E750083B89E /* SMS_SDK.framework */; };
		BC9F9EBF1DA51E920083B89E /* libz.tbd in Frameworks */ = {isa = PBXBuildFile; fileRef = BC9F9EBE1DA51E920083B89E /* libz.tbd */; };
		BC9F9EC11DA51E9D0083B89E /* libicucore.tbd in Frameworks */ = {isa = PBXBuildFile; fileRef = BC9F9EC01DA51E9D0083B89E /* libicucore.tbd */; };
		BC9F9EC31DA51EAA0083B89E /* MessageUI.framework in Frameworks */ = {isa = PBXBuildFile; fileRef = BC9F9EC21DA51EAA0083B89E /* MessageUI.framework */; };
		BC9F9EC51DA51EB30083B89E /* JavaScriptCore.framework in Frameworks */ = {isa = PBXBuildFile; fileRef = BC9F9EC41DA51EB30083B89E /* JavaScriptCore.framework */; };
		BC9F9EC71DA51EC10083B89E /* libstdc++.tbd in Frameworks */ = {isa = PBXBuildFile; fileRef = BC9F9EC61DA51EC10083B89E /* libstdc++.tbd */; };
		BC9F9EC91DA51EDC0083B89E /* AddressBook.framework in Frameworks */ = {isa = PBXBuildFile; fileRef = BC9F9EC81DA51EDC0083B89E /* AddressBook.framework */; };
		BC9F9ECB1DA51EE00083B89E /* AddressBookUI.framework in Frameworks */ = {isa = PBXBuildFile; fileRef = BC9F9ECA1DA51EE00083B89E /* AddressBookUI.framework */; };
		BCA0C3D01D9E13300049E4DB /* PinShoppingViewController.m in Sources */ = {isa = PBXBuildFile; fileRef = BCA0C3CF1D9E13300049E4DB /* PinShoppingViewController.m */; };
		BCA0C3D31D9E13C00049E4DB /* ChoiceMenuViewController.m in Sources */ = {isa = PBXBuildFile; fileRef = BCA0C3D21D9E13C00049E4DB /* ChoiceMenuViewController.m */; };
		BCAB7F351D91605000D4D615 /* MyTabBarViewController.m in Sources */ = {isa = PBXBuildFile; fileRef = BCAB7F341D91605000D4D615 /* MyTabBarViewController.m */; };
		BCAB7F381D9160F000D4D615 /* MyNavigationViewController.m in Sources */ = {isa = PBXBuildFile; fileRef = BCAB7F371D9160F000D4D615 /* MyNavigationViewController.m */; };
		BCAB7F401D91617200D4D615 /* UIBarButtonItem+MyBarButtonItem.m in Sources */ = {isa = PBXBuildFile; fileRef = BCAB7F3B1D91617200D4D615 /* UIBarButtonItem+MyBarButtonItem.m */; };
		BCAB7F411D91617200D4D615 /* UINavigationItem+MyNavItem.m in Sources */ = {isa = PBXBuildFile; fileRef = BCAB7F3D1D91617200D4D615 /* UINavigationItem+MyNavItem.m */; };
		BCAB7F421D91617200D4D615 /* UIView+MyPositionSize.m in Sources */ = {isa = PBXBuildFile; fileRef = BCAB7F3F1D91617200D4D615 /* UIView+MyPositionSize.m */; };
		BCAB7F461D91674F00D4D615 /* LearnBakeViewController.m in Sources */ = {isa = PBXBuildFile; fileRef = BCAB7F451D91674F00D4D615 /* LearnBakeViewController.m */; };
		BCAB7F491D91676200D4D615 /* BakeWayViewController.m in Sources */ = {isa = PBXBuildFile; fileRef = BCAB7F481D91676200D4D615 /* BakeWayViewController.m */; };
		BCAB7F4C1D91676D00D4D615 /* ShoppingViewController.m in Sources */ = {isa = PBXBuildFile; fileRef = BCAB7F4B1D91676D00D4D615 /* ShoppingViewController.m */; };
		BCAB7F4F1D91677700D4D615 /* QuestionViewController.m in Sources */ = {isa = PBXBuildFile; fileRef = BCAB7F4E1D91677700D4D615 /* QuestionViewController.m */; };
		BCAB7F521D91678200D4D615 /* MeViewController.m in Sources */ = {isa = PBXBuildFile; fileRef = BCAB7F511D91678200D4D615 /* MeViewController.m */; };
		BCAB7F571D917BCA00D4D615 /* AgencyFB.ttf in Resources */ = {isa = PBXBuildFile; fileRef = BCAB7F541D917BCA00D4D615 /* AgencyFB.ttf */; };
		BCAB7F581D917BCA00D4D615 /* BebasNeue.otf in Resources */ = {isa = PBXBuildFile; fileRef = BCAB7F551D917BCA00D4D615 /* BebasNeue.otf */; };
		BCAB7F591D917BCA00D4D615 /* 方正兰亭纤黑_GBK.TTF in Resources */ = {isa = PBXBuildFile; fileRef = BCAB7F561D917BCA00D4D615 /* 方正兰亭纤黑_GBK.TTF */; };
		BCAB7F5C1D91864F00D4D615 /* LearnBakeModel.m in Sources */ = {isa = PBXBuildFile; fileRef = BCAB7F5B1D91864F00D4D615 /* LearnBakeModel.m */; };
		BCC9F1401D98148C009C54F1 /* MyZanButton.m in Sources */ = {isa = PBXBuildFile; fileRef = BCC9F13F1D98148C009C54F1 /* MyZanButton.m */; };
		BCC9F1BF1D9952DD009C54F1 /* PicItem.m in Sources */ = {isa = PBXBuildFile; fileRef = BCC9F1BE1D9952DD009C54F1 /* PicItem.m */; };
		BCC9F2021D9A31A2009C54F1 /* TuanView.m in Sources */ = {isa = PBXBuildFile; fileRef = BCC9F2011D9A31A2009C54F1 /* TuanView.m */; };
		BCC9F2781D9A8F44009C54F1 /* TuanShopModel.m in Sources */ = {isa = PBXBuildFile; fileRef = BCC9F2771D9A8F44009C54F1 /* TuanShopModel.m */; };
		BCC9F27B1D9AA2D2009C54F1 /* TuanShopTableViewCell.m in Sources */ = {isa = PBXBuildFile; fileRef = BCC9F27A1D9AA2D2009C54F1 /* TuanShopTableViewCell.m */; };
		BCC9F2AB1D9B7ABC009C54F1 /* QuestionView.m in Sources */ = {isa = PBXBuildFile; fileRef = BCC9F2AA1D9B7ABC009C54F1 /* QuestionView.m */; };
		BCC9F2D61D9BDC36009C54F1 /* QuestionModel.m in Sources */ = {isa = PBXBuildFile; fileRef = BCC9F2D51D9BDC36009C54F1 /* QuestionModel.m */; };
		BCEE7CBC1D92A1AB0048DBBC /* LearnBakeView.m in Sources */ = {isa = PBXBuildFile; fileRef = BCEE7CBB1D92A1AB0048DBBC /* LearnBakeView.m */; };
		BCEE7CBF1D92B17A0048DBBC /* LearnBakeTableViewCell.m in Sources */ = {isa = PBXBuildFile; fileRef = BCEE7CBE1D92B17A0048DBBC /* LearnBakeTableViewCell.m */; };
/* End PBXBuildFile section */

/* Begin PBXFileReference section */
		60B8C5E1D671A69111FF3A3C /* libPods-FitTimeFitBake.a */ = {isa = PBXFileReference; explicitFileType = archive.ar; includeInIndex = 0; path = "libPods-FitTimeFitBake.a"; sourceTree = BUILT_PRODUCTS_DIR; };
		915AFBA58995A8FA4CB304B0 /* Pods-FitTimeFitBake.release.xcconfig */ = {isa = PBXFileReference; includeInIndex = 1; lastKnownFileType = text.xcconfig; name = "Pods-FitTimeFitBake.release.xcconfig"; path = "Pods/Target Support Files/Pods-FitTimeFitBake/Pods-FitTimeFitBake.release.xcconfig"; sourceTree = "<group>"; };
		BC15F16A1D9BF2AF003EE97A /* QuestionTableViewCell.h */ = {isa = PBXFileReference; fileEncoding = 4; lastKnownFileType = sourcecode.c.h; path = QuestionTableViewCell.h; sourceTree = "<group>"; };
		BC15F16B1D9BF2AF003EE97A /* QuestionTableViewCell.m */ = {isa = PBXFileReference; fileEncoding = 4; lastKnownFileType = sourcecode.c.objc; path = QuestionTableViewCell.m; sourceTree = "<group>"; };
		BC15F16D1D9C09E4003EE97A /* LoginViewController.h */ = {isa = PBXFileReference; fileEncoding = 4; lastKnownFileType = sourcecode.c.h; path = LoginViewController.h; sourceTree = "<group>"; };
		BC15F16E1D9C09E4003EE97A /* LoginViewController.m */ = {isa = PBXFileReference; fileEncoding = 4; lastKnownFileType = sourcecode.c.objc; path = LoginViewController.m; sourceTree = "<group>"; };
		BC15F1701D9C09EF003EE97A /* RegisterViewController.h */ = {isa = PBXFileReference; fileEncoding = 4; lastKnownFileType = sourcecode.c.h; path = RegisterViewController.h; sourceTree = "<group>"; };
		BC15F1711D9C09EF003EE97A /* RegisterViewController.m */ = {isa = PBXFileReference; fileEncoding = 4; lastKnownFileType = sourcecode.c.objc; path = RegisterViewController.m; sourceTree = "<group>"; };
		BC15F1731D9C1FD6003EE97A /* MyOtherWayLoginButton.h */ = {isa = PBXFileReference; fileEncoding = 4; lastKnownFileType = sourcecode.c.h; path = MyOtherWayLoginButton.h; sourceTree = "<group>"; };
		BC15F1741D9C1FD6003EE97A /* MyOtherWayLoginButton.m */ = {isa = PBXFileReference; fileEncoding = 4; lastKnownFileType = sourcecode.c.objc; path = MyOtherWayLoginButton.m; sourceTree = "<group>"; };
		BC15F2331D9D447E003EE97A /* AllTypeViewController.h */ = {isa = PBXFileReference; fileEncoding = 4; lastKnownFileType = sourcecode.c.h; path = AllTypeViewController.h; sourceTree = "<group>"; };
		BC15F2341D9D447E003EE97A /* AllTypeViewController.m */ = {isa = PBXFileReference; fileEncoding = 4; lastKnownFileType = sourcecode.c.objc; path = AllTypeViewController.m; sourceTree = "<group>"; };
		BC15F2361D9D52E5003EE97A /* ScrollViewDetailViewController.h */ = {isa = PBXFileReference; fileEncoding = 4; lastKnownFileType = sourcecode.c.h; path = ScrollViewDetailViewController.h; sourceTree = "<group>"; };
		BC15F2371D9D52E5003EE97A /* ScrollViewDetailViewController.m */ = {isa = PBXFileReference; fileEncoding = 4; lastKnownFileType = sourcecode.c.objc; path = ScrollViewDetailViewController.m; sourceTree = "<group>"; };
		BC1FFBA31D93C2F00045D564 /* MyFoundButton.h */ = {isa = PBXFileReference; fileEncoding = 4; lastKnownFileType = sourcecode.c.h; path = MyFoundButton.h; sourceTree = "<group>"; };
		BC1FFBA41D93C2F00045D564 /* MyFoundButton.m */ = {isa = PBXFileReference; fileEncoding = 4; lastKnownFileType = sourcecode.c.objc; path = MyFoundButton.m; sourceTree = "<group>"; };
		BC1FFBA61D93D2710045D564 /* MyHotButton.h */ = {isa = PBXFileReference; fileEncoding = 4; lastKnownFileType = sourcecode.c.h; path = MyHotButton.h; sourceTree = "<group>"; };
		BC1FFBA71D93D2710045D564 /* MyHotButton.m */ = {isa = PBXFileReference; fileEncoding = 4; lastKnownFileType = sourcecode.c.objc; path = MyHotButton.m; sourceTree = "<group>"; };
		BC1FFBA91D93F97F0045D564 /* MyDayActityButton.h */ = {isa = PBXFileReference; fileEncoding = 4; lastKnownFileType = sourcecode.c.h; path = MyDayActityButton.h; sourceTree = "<group>"; };
		BC1FFBAA1D93F97F0045D564 /* MyDayActityButton.m */ = {isa = PBXFileReference; fileEncoding = 4; lastKnownFileType = sourcecode.c.objc; path = MyDayActityButton.m; sourceTree = "<group>"; };
		BC1FFBB01D9409320045D564 /* MyBigClassButton.h */ = {isa = PBXFileReference; fileEncoding = 4; lastKnownFileType = sourcecode.c.h; path = MyBigClassButton.h; sourceTree = "<group>"; };
		BC1FFBB11D9409320045D564 /* MyBigClassButton.m */ = {isa = PBXFileReference; fileEncoding = 4; lastKnownFileType = sourcecode.c.objc; path = MyBigClassButton.m; sourceTree = "<group>"; };
		BC1FFBDC1D95487C0045D564 /* BakeView.h */ = {isa = PBXFileReference; fileEncoding = 4; lastKnownFileType = sourcecode.c.h; path = BakeView.h; sourceTree = "<group>"; };
		BC1FFBDD1D95487C0045D564 /* BakeView.m */ = {isa = PBXFileReference; fileEncoding = 4; lastKnownFileType = sourcecode.c.objc; path = BakeView.m; sourceTree = "<group>"; };
		BC1FFBE01D955E2A0045D564 /* new.gif */ = {isa = PBXFileReference; lastKnownFileType = image.gif; path = new.gif; sourceTree = "<group>"; };
		BC1FFBE11D955E2A0045D564 /* shipu.gif */ = {isa = PBXFileReference; lastKnownFileType = image.gif; path = shipu.gif; sourceTree = "<group>"; };
		BC1FFBE21D955E2A0045D564 /* zuopin.gif */ = {isa = PBXFileReference; lastKnownFileType = image.gif; path = zuopin.gif; sourceTree = "<group>"; };
		BC1FFBE71D9562480045D564 /* NetDataDownLoad.h */ = {isa = PBXFileReference; fileEncoding = 4; lastKnownFileType = sourcecode.c.h; path = NetDataDownLoad.h; sourceTree = "<group>"; };
		BC1FFBE81D9562480045D564 /* NetDataDownLoad.m */ = {isa = PBXFileReference; fileEncoding = 4; lastKnownFileType = sourcecode.c.objc; path = NetDataDownLoad.m; sourceTree = "<group>"; };
		BC1FFBEA1D956E8C0045D564 /* BakeWayModel.h */ = {isa = PBXFileReference; fileEncoding = 4; lastKnownFileType = sourcecode.c.h; path = BakeWayModel.h; sourceTree = "<group>"; };
		BC1FFBEB1D956E8D0045D564 /* BakeWayModel.m */ = {isa = PBXFileReference; fileEncoding = 4; lastKnownFileType = sourcecode.c.objc; path = BakeWayModel.m; sourceTree = "<group>"; };
		BC1FFBF01D9578620045D564 /* BakeWayHeaderView.h */ = {isa = PBXFileReference; fileEncoding = 4; lastKnownFileType = sourcecode.c.h; path = BakeWayHeaderView.h; sourceTree = "<group>"; };
		BC1FFBF11D9578620045D564 /* BakeWayHeaderView.m */ = {isa = PBXFileReference; fileEncoding = 4; lastKnownFileType = sourcecode.c.objc; path = BakeWayHeaderView.m; sourceTree = "<group>"; };
		BC1FFBF31D9578FE0045D564 /* BakeWayTableViewCell.h */ = {isa = PBXFileReference; fileEncoding = 4; lastKnownFileType = sourcecode.c.h; path = BakeWayTableViewCell.h; sourceTree = "<group>"; };
		BC1FFBF41D9578FE0045D564 /* BakeWayTableViewCell.m */ = {isa = PBXFileReference; fileEncoding = 4; lastKnownFileType = sourcecode.c.objc; path = BakeWayTableViewCell.m; sourceTree = "<group>"; };
		BC4B39F71D901A8700A678E7 /* FitTimeFitBake.app */ = {isa = PBXFileReference; explicitFileType = wrapper.application; includeInIndex = 0; path = FitTimeFitBake.app; sourceTree = BUILT_PRODUCTS_DIR; };
		BC4B39FB1D901A8700A678E7 /* main.m */ = {isa = PBXFileReference; lastKnownFileType = sourcecode.c.objc; path = main.m; sourceTree = "<group>"; };
		BC4B39FD1D901A8700A678E7 /* AppDelegate.h */ = {isa = PBXFileReference; lastKnownFileType = sourcecode.c.h; path = AppDelegate.h; sourceTree = "<group>"; };
		BC4B39FE1D901A8700A678E7 /* AppDelegate.m */ = {isa = PBXFileReference; lastKnownFileType = sourcecode.c.objc; path = AppDelegate.m; sourceTree = "<group>"; };
		BC4B3A041D901A8700A678E7 /* Base */ = {isa = PBXFileReference; lastKnownFileType = file.storyboard; name = Base; path = Base.lproj/Main.storyboard; sourceTree = "<group>"; };
		BC4B3A061D901A8700A678E7 /* Assets.xcassets */ = {isa = PBXFileReference; lastKnownFileType = folder.assetcatalog; path = Assets.xcassets; sourceTree = "<group>"; };
		BC4B3A091D901A8700A678E7 /* Base */ = {isa = PBXFileReference; lastKnownFileType = file.storyboard; name = Base; path = Base.lproj/LaunchScreen.storyboard; sourceTree = "<group>"; };
		BC4B3A0B1D901A8700A678E7 /* Info.plist */ = {isa = PBXFileReference; lastKnownFileType = text.plist.xml; path = Info.plist; sourceTree = "<group>"; };
		BC7F71A51DA78ECE00DEA2B3 /* GetMessageViewController.h */ = {isa = PBXFileReference; fileEncoding = 4; lastKnownFileType = sourcecode.c.h; path = GetMessageViewController.h; sourceTree = "<group>"; };
		BC7F71A61DA78ECE00DEA2B3 /* GetMessageViewController.m */ = {isa = PBXFileReference; fileEncoding = 4; lastKnownFileType = sourcecode.c.objc; path = GetMessageViewController.m; sourceTree = "<group>"; };
		BC97B7F51D9E207300E9CA2F /* FoundViewController.h */ = {isa = PBXFileReference; fileEncoding = 4; lastKnownFileType = sourcecode.c.h; path = FoundViewController.h; sourceTree = "<group>"; };
		BC97B7F61D9E207300E9CA2F /* FoundViewController.m */ = {isa = PBXFileReference; fileEncoding = 4; lastKnownFileType = sourcecode.c.objc; path = FoundViewController.m; sourceTree = "<group>"; };
		BC97B7F81D9E220600E9CA2F /* HotDetailViewController.h */ = {isa = PBXFileReference; fileEncoding = 4; lastKnownFileType = sourcecode.c.h; path = HotDetailViewController.h; sourceTree = "<group>"; };
		BC97B7F91D9E220600E9CA2F /* HotDetailViewController.m */ = {isa = PBXFileReference; fileEncoding = 4; lastKnownFileType = sourcecode.c.objc; path = HotDetailViewController.m; sourceTree = "<group>"; };
		BC97B7FB1D9E226100E9CA2F /* RecipeGuyViewController.h */ = {isa = PBXFileReference; fileEncoding = 4; lastKnownFileType = sourcecode.c.h; path = RecipeGuyViewController.h; sourceTree = "<group>"; };
		BC97B7FC1D9E226100E9CA2F /* RecipeGuyViewController.m */ = {isa = PBXFileReference; fileEncoding = 4; lastKnownFileType = sourcecode.c.objc; path = RecipeGuyViewController.m; sourceTree = "<group>"; };
		BC97B7FE1D9E22BC00E9CA2F /* DailyActivityViewController.h */ = {isa = PBXFileReference; fileEncoding = 4; lastKnownFileType = sourcecode.c.h; path = DailyActivityViewController.h; sourceTree = "<group>"; };
		BC97B7FF1D9E22BC00E9CA2F /* DailyActivityViewController.m */ = {isa = PBXFileReference; fileEncoding = 4; lastKnownFileType = sourcecode.c.objc; path = DailyActivityViewController.m; sourceTree = "<group>"; };
		BC97B8011D9E241E00E9CA2F /* BigClassViewController.h */ = {isa = PBXFileReference; fileEncoding = 4; lastKnownFileType = sourcecode.c.h; path = BigClassViewController.h; sourceTree = "<group>"; };
		BC97B8021D9E241E00E9CA2F /* BigClassViewController.m */ = {isa = PBXFileReference; fileEncoding = 4; lastKnownFileType = sourcecode.c.objc; path = BigClassViewController.m; sourceTree = "<group>"; };
		BC97B8041D9E248400E9CA2F /* NiuDetailViewController.h */ = {isa = PBXFileReference; fileEncoding = 4; lastKnownFileType = sourcecode.c.h; path = NiuDetailViewController.h; sourceTree = "<group>"; };
		BC97B8051D9E248400E9CA2F /* NiuDetailViewController.m */ = {isa = PBXFileReference; fileEncoding = 4; lastKnownFileType = sourcecode.c.objc; path = NiuDetailViewController.m; sourceTree = "<group>"; };
		BC97B8071D9E267E00E9CA2F /* SelectTypeViewController.h */ = {isa = PBXFileReference; fileEncoding = 4; lastKnownFileType = sourcecode.c.h; path = SelectTypeViewController.h; sourceTree = "<group>"; };
		BC97B8081D9E267E00E9CA2F /* SelectTypeViewController.m */ = {isa = PBXFileReference; fileEncoding = 4; lastKnownFileType = sourcecode.c.objc; path = SelectTypeViewController.m; sourceTree = "<group>"; };
		BC9F9EBA1DA51E750083B89E /* MOBFoundation.framework */ = {isa = PBXFileReference; lastKnownFileType = wrapper.framework; path = MOBFoundation.framework; sourceTree = "<group>"; };
		BC9F9EBB1DA51E750083B89E /* SMS_SDK.framework */ = {isa = PBXFileReference; lastKnownFileType = wrapper.framework; path = SMS_SDK.framework; sourceTree = "<group>"; };
		BC9F9EBE1DA51E920083B89E /* libz.tbd */ = {isa = PBXFileReference; lastKnownFileType = "sourcecode.text-based-dylib-definition"; name = libz.tbd; path = usr/lib/libz.tbd; sourceTree = SDKROOT; };
		BC9F9EC01DA51E9D0083B89E /* libicucore.tbd */ = {isa = PBXFileReference; lastKnownFileType = "sourcecode.text-based-dylib-definition"; name = libicucore.tbd; path = usr/lib/libicucore.tbd; sourceTree = SDKROOT; };
		BC9F9EC21DA51EAA0083B89E /* MessageUI.framework */ = {isa = PBXFileReference; lastKnownFileType = wrapper.framework; name = MessageUI.framework; path = System/Library/Frameworks/MessageUI.framework; sourceTree = SDKROOT; };
		BC9F9EC41DA51EB30083B89E /* JavaScriptCore.framework */ = {isa = PBXFileReference; lastKnownFileType = wrapper.framework; name = JavaScriptCore.framework; path = System/Library/Frameworks/JavaScriptCore.framework; sourceTree = SDKROOT; };
		BC9F9EC61DA51EC10083B89E /* libstdc++.tbd */ = {isa = PBXFileReference; lastKnownFileType = "sourcecode.text-based-dylib-definition"; name = "libstdc++.tbd"; path = "usr/lib/libstdc++.tbd"; sourceTree = SDKROOT; };
		BC9F9EC81DA51EDC0083B89E /* AddressBook.framework */ = {isa = PBXFileReference; lastKnownFileType = wrapper.framework; name = AddressBook.framework; path = System/Library/Frameworks/AddressBook.framework; sourceTree = SDKROOT; };
		BC9F9ECA1DA51EE00083B89E /* AddressBookUI.framework */ = {isa = PBXFileReference; lastKnownFileType = wrapper.framework; name = AddressBookUI.framework; path = System/Library/Frameworks/AddressBookUI.framework; sourceTree = SDKROOT; };
		BCA0C3CE1D9E13300049E4DB /* PinShoppingViewController.h */ = {isa = PBXFileReference; fileEncoding = 4; lastKnownFileType = sourcecode.c.h; path = PinShoppingViewController.h; sourceTree = "<group>"; };
		BCA0C3CF1D9E13300049E4DB /* PinShoppingViewController.m */ = {isa = PBXFileReference; fileEncoding = 4; lastKnownFileType = sourcecode.c.objc; path = PinShoppingViewController.m; sourceTree = "<group>"; };
		BCA0C3D11D9E13C00049E4DB /* ChoiceMenuViewController.h */ = {isa = PBXFileReference; fileEncoding = 4; lastKnownFileType = sourcecode.c.h; path = ChoiceMenuViewController.h; sourceTree = "<group>"; };
		BCA0C3D21D9E13C00049E4DB /* ChoiceMenuViewController.m */ = {isa = PBXFileReference; fileEncoding = 4; lastKnownFileType = sourcecode.c.objc; path = ChoiceMenuViewController.m; sourceTree = "<group>"; };
		BCAB7F331D91605000D4D615 /* MyTabBarViewController.h */ = {isa = PBXFileReference; fileEncoding = 4; lastKnownFileType = sourcecode.c.h; path = MyTabBarViewController.h; sourceTree = "<group>"; };
		BCAB7F341D91605000D4D615 /* MyTabBarViewController.m */ = {isa = PBXFileReference; fileEncoding = 4; lastKnownFileType = sourcecode.c.objc; path = MyTabBarViewController.m; sourceTree = "<group>"; };
		BCAB7F361D9160F000D4D615 /* MyNavigationViewController.h */ = {isa = PBXFileReference; fileEncoding = 4; lastKnownFileType = sourcecode.c.h; path = MyNavigationViewController.h; sourceTree = "<group>"; };
		BCAB7F371D9160F000D4D615 /* MyNavigationViewController.m */ = {isa = PBXFileReference; fileEncoding = 4; lastKnownFileType = sourcecode.c.objc; path = MyNavigationViewController.m; sourceTree = "<group>"; };
		BCAB7F3A1D91617200D4D615 /* UIBarButtonItem+MyBarButtonItem.h */ = {isa = PBXFileReference; fileEncoding = 4; lastKnownFileType = sourcecode.c.h; path = "UIBarButtonItem+MyBarButtonItem.h"; sourceTree = "<group>"; };
		BCAB7F3B1D91617200D4D615 /* UIBarButtonItem+MyBarButtonItem.m */ = {isa = PBXFileReference; fileEncoding = 4; lastKnownFileType = sourcecode.c.objc; path = "UIBarButtonItem+MyBarButtonItem.m"; sourceTree = "<group>"; };
		BCAB7F3C1D91617200D4D615 /* UINavigationItem+MyNavItem.h */ = {isa = PBXFileReference; fileEncoding = 4; lastKnownFileType = sourcecode.c.h; path = "UINavigationItem+MyNavItem.h"; sourceTree = "<group>"; };
		BCAB7F3D1D91617200D4D615 /* UINavigationItem+MyNavItem.m */ = {isa = PBXFileReference; fileEncoding = 4; lastKnownFileType = sourcecode.c.objc; path = "UINavigationItem+MyNavItem.m"; sourceTree = "<group>"; };
		BCAB7F3E1D91617200D4D615 /* UIView+MyPositionSize.h */ = {isa = PBXFileReference; fileEncoding = 4; lastKnownFileType = sourcecode.c.h; path = "UIView+MyPositionSize.h"; sourceTree = "<group>"; };
		BCAB7F3F1D91617200D4D615 /* UIView+MyPositionSize.m */ = {isa = PBXFileReference; fileEncoding = 4; lastKnownFileType = sourcecode.c.objc; path = "UIView+MyPositionSize.m"; sourceTree = "<group>"; };
		BCAB7F431D91617C00D4D615 /* PrefixHeader.pch */ = {isa = PBXFileReference; lastKnownFileType = sourcecode.c.h; name = PrefixHeader.pch; path = "工具类/PrefixHeader.pch"; sourceTree = "<group>"; };
		BCAB7F441D91674F00D4D615 /* LearnBakeViewController.h */ = {isa = PBXFileReference; fileEncoding = 4; lastKnownFileType = sourcecode.c.h; path = LearnBakeViewController.h; sourceTree = "<group>"; };
		BCAB7F451D91674F00D4D615 /* LearnBakeViewController.m */ = {isa = PBXFileReference; fileEncoding = 4; lastKnownFileType = sourcecode.c.objc; path = LearnBakeViewController.m; sourceTree = "<group>"; };
		BCAB7F471D91676200D4D615 /* BakeWayViewController.h */ = {isa = PBXFileReference; fileEncoding = 4; lastKnownFileType = sourcecode.c.h; path = BakeWayViewController.h; sourceTree = "<group>"; };
		BCAB7F481D91676200D4D615 /* BakeWayViewController.m */ = {isa = PBXFileReference; fileEncoding = 4; lastKnownFileType = sourcecode.c.objc; path = BakeWayViewController.m; sourceTree = "<group>"; };
		BCAB7F4A1D91676D00D4D615 /* ShoppingViewController.h */ = {isa = PBXFileReference; fileEncoding = 4; lastKnownFileType = sourcecode.c.h; path = ShoppingViewController.h; sourceTree = "<group>"; };
		BCAB7F4B1D91676D00D4D615 /* ShoppingViewController.m */ = {isa = PBXFileReference; fileEncoding = 4; lastKnownFileType = sourcecode.c.objc; path = ShoppingViewController.m; sourceTree = "<group>"; };
		BCAB7F4D1D91677700D4D615 /* QuestionViewController.h */ = {isa = PBXFileReference; fileEncoding = 4; lastKnownFileType = sourcecode.c.h; path = QuestionViewController.h; sourceTree = "<group>"; };
		BCAB7F4E1D91677700D4D615 /* QuestionViewController.m */ = {isa = PBXFileReference; fileEncoding = 4; lastKnownFileType = sourcecode.c.objc; path = QuestionViewController.m; sourceTree = "<group>"; };
		BCAB7F501D91678200D4D615 /* MeViewController.h */ = {isa = PBXFileReference; fileEncoding = 4; lastKnownFileType = sourcecode.c.h; path = MeViewController.h; sourceTree = "<group>"; };
		BCAB7F511D91678200D4D615 /* MeViewController.m */ = {isa = PBXFileReference; fileEncoding = 4; lastKnownFileType = sourcecode.c.objc; path = MeViewController.m; sourceTree = "<group>"; };
		BCAB7F541D917BCA00D4D615 /* AgencyFB.ttf */ = {isa = PBXFileReference; lastKnownFileType = file; path = AgencyFB.ttf; sourceTree = "<group>"; };
		BCAB7F551D917BCA00D4D615 /* BebasNeue.otf */ = {isa = PBXFileReference; lastKnownFileType = file; path = BebasNeue.otf; sourceTree = "<group>"; };
		BCAB7F561D917BCA00D4D615 /* 方正兰亭纤黑_GBK.TTF */ = {isa = PBXFileReference; lastKnownFileType = file; path = "方正兰亭纤黑_GBK.TTF"; sourceTree = "<group>"; };
		BCAB7F5A1D91864F00D4D615 /* LearnBakeModel.h */ = {isa = PBXFileReference; fileEncoding = 4; lastKnownFileType = sourcecode.c.h; path = LearnBakeModel.h; sourceTree = "<group>"; };
		BCAB7F5B1D91864F00D4D615 /* LearnBakeModel.m */ = {isa = PBXFileReference; fileEncoding = 4; lastKnownFileType = sourcecode.c.objc; path = LearnBakeModel.m; sourceTree = "<group>"; };
		BCC9F13E1D98148C009C54F1 /* MyZanButton.h */ = {isa = PBXFileReference; fileEncoding = 4; lastKnownFileType = sourcecode.c.h; path = MyZanButton.h; sourceTree = "<group>"; };
		BCC9F13F1D98148C009C54F1 /* MyZanButton.m */ = {isa = PBXFileReference; fileEncoding = 4; lastKnownFileType = sourcecode.c.objc; path = MyZanButton.m; sourceTree = "<group>"; };
		BCC9F1BD1D9952DD009C54F1 /* PicItem.h */ = {isa = PBXFileReference; fileEncoding = 4; lastKnownFileType = sourcecode.c.h; path = PicItem.h; sourceTree = "<group>"; };
		BCC9F1BE1D9952DD009C54F1 /* PicItem.m */ = {isa = PBXFileReference; fileEncoding = 4; lastKnownFileType = sourcecode.c.objc; path = PicItem.m; sourceTree = "<group>"; };
		BCC9F2001D9A31A2009C54F1 /* TuanView.h */ = {isa = PBXFileReference; fileEncoding = 4; lastKnownFileType = sourcecode.c.h; path = TuanView.h; sourceTree = "<group>"; };
		BCC9F2011D9A31A2009C54F1 /* TuanView.m */ = {isa = PBXFileReference; fileEncoding = 4; lastKnownFileType = sourcecode.c.objc; path = TuanView.m; sourceTree = "<group>"; };
		BCC9F2761D9A8F44009C54F1 /* TuanShopModel.h */ = {isa = PBXFileReference; fileEncoding = 4; lastKnownFileType = sourcecode.c.h; path = TuanShopModel.h; sourceTree = "<group>"; };
		BCC9F2771D9A8F44009C54F1 /* TuanShopModel.m */ = {isa = PBXFileReference; fileEncoding = 4; lastKnownFileType = sourcecode.c.objc; path = TuanShopModel.m; sourceTree = "<group>"; };
		BCC9F2791D9AA2D2009C54F1 /* TuanShopTableViewCell.h */ = {isa = PBXFileReference; fileEncoding = 4; lastKnownFileType = sourcecode.c.h; path = TuanShopTableViewCell.h; sourceTree = "<group>"; };
		BCC9F27A1D9AA2D2009C54F1 /* TuanShopTableViewCell.m */ = {isa = PBXFileReference; fileEncoding = 4; lastKnownFileType = sourcecode.c.objc; path = TuanShopTableViewCell.m; sourceTree = "<group>"; };
		BCC9F2A91D9B7ABC009C54F1 /* QuestionView.h */ = {isa = PBXFileReference; fileEncoding = 4; lastKnownFileType = sourcecode.c.h; path = QuestionView.h; sourceTree = "<group>"; };
		BCC9F2AA1D9B7ABC009C54F1 /* QuestionView.m */ = {isa = PBXFileReference; fileEncoding = 4; lastKnownFileType = sourcecode.c.objc; path = QuestionView.m; sourceTree = "<group>"; };
		BCC9F2D41D9BDC36009C54F1 /* QuestionModel.h */ = {isa = PBXFileReference; fileEncoding = 4; lastKnownFileType = sourcecode.c.h; path = QuestionModel.h; sourceTree = "<group>"; };
		BCC9F2D51D9BDC36009C54F1 /* QuestionModel.m */ = {isa = PBXFileReference; fileEncoding = 4; lastKnownFileType = sourcecode.c.objc; path = QuestionModel.m; sourceTree = "<group>"; };
		BCEE7CBA1D92A1AB0048DBBC /* LearnBakeView.h */ = {isa = PBXFileReference; fileEncoding = 4; lastKnownFileType = sourcecode.c.h; path = LearnBakeView.h; sourceTree = "<group>"; };
		BCEE7CBB1D92A1AB0048DBBC /* LearnBakeView.m */ = {isa = PBXFileReference; fileEncoding = 4; lastKnownFileType = sourcecode.c.objc; path = LearnBakeView.m; sourceTree = "<group>"; };
		BCEE7CBD1D92B17A0048DBBC /* LearnBakeTableViewCell.h */ = {isa = PBXFileReference; fileEncoding = 4; lastKnownFileType = sourcecode.c.h; path = LearnBakeTableViewCell.h; sourceTree = "<group>"; };
		BCEE7CBE1D92B17A0048DBBC /* LearnBakeTableViewCell.m */ = {isa = PBXFileReference; fileEncoding = 4; lastKnownFileType = sourcecode.c.objc; path = LearnBakeTableViewCell.m; sourceTree = "<group>"; };
		D91D8AF74C439ACF74930561 /* Pods-FitTimeFitBake.debug.xcconfig */ = {isa = PBXFileReference; includeInIndex = 1; lastKnownFileType = text.xcconfig; name = "Pods-FitTimeFitBake.debug.xcconfig"; path = "Pods/Target Support Files/Pods-FitTimeFitBake/Pods-FitTimeFitBake.debug.xcconfig"; sourceTree = "<group>"; };
/* End PBXFileReference section */

/* Begin PBXFrameworksBuildPhase section */
		BC4B39F41D901A8700A678E7 /* Frameworks */ = {
			isa = PBXFrameworksBuildPhase;
			buildActionMask = 2147483647;
			files = (
				BC9F9ECB1DA51EE00083B89E /* AddressBookUI.framework in Frameworks */,
				BC9F9EC91DA51EDC0083B89E /* AddressBook.framework in Frameworks */,
				BC9F9EC71DA51EC10083B89E /* libstdc++.tbd in Frameworks */,
				BC9F9EC51DA51EB30083B89E /* JavaScriptCore.framework in Frameworks */,
				BC9F9EC31DA51EAA0083B89E /* MessageUI.framework in Frameworks */,
				BC9F9EC11DA51E9D0083B89E /* libicucore.tbd in Frameworks */,
				BC9F9EBF1DA51E920083B89E /* libz.tbd in Frameworks */,
				BC9F9EBD1DA51E760083B89E /* SMS_SDK.framework in Frameworks */,
				BC9F9EBC1DA51E750083B89E /* MOBFoundation.framework in Frameworks */,
				91268B2CFC7947B41EFEC7DA /* libPods-FitTimeFitBake.a in Frameworks */,
			);
			runOnlyForDeploymentPostprocessing = 0;
		};
/* End PBXFrameworksBuildPhase section */

/* Begin PBXGroup section */
		1792130A70CED542003EEDF8 /* Frameworks */ = {
			isa = PBXGroup;
			children = (
				BC9F9ECA1DA51EE00083B89E /* AddressBookUI.framework */,
				BC9F9EC81DA51EDC0083B89E /* AddressBook.framework */,
				BC9F9EC61DA51EC10083B89E /* libstdc++.tbd */,
				BC9F9EC41DA51EB30083B89E /* JavaScriptCore.framework */,
				BC9F9EC21DA51EAA0083B89E /* MessageUI.framework */,
				BC9F9EC01DA51E9D0083B89E /* libicucore.tbd */,
				BC9F9EBE1DA51E920083B89E /* libz.tbd */,
				60B8C5E1D671A69111FF3A3C /* libPods-FitTimeFitBake.a */,
			);
			name = Frameworks;
			sourceTree = "<group>";
		};
		22BB29DB1880B2D6B21767BF /* Pods */ = {
			isa = PBXGroup;
			children = (
				D91D8AF74C439ACF74930561 /* Pods-FitTimeFitBake.debug.xcconfig */,
				915AFBA58995A8FA4CB304B0 /* Pods-FitTimeFitBake.release.xcconfig */,
			);
			name = Pods;
			sourceTree = "<group>";
		};
		BC15F22F1D9D4458003EE97A /* 二级页面 */ = {
			isa = PBXGroup;
			children = (
				BC15F2301D9D4458003EE97A /* Controller */,
				BC15F2311D9D4458003EE97A /* Model */,
				BC15F2321D9D4458003EE97A /* View */,
			);
			path = "二级页面";
			sourceTree = "<group>";
		};
		BC15F2301D9D4458003EE97A /* Controller */ = {
			isa = PBXGroup;
			children = (
				BC15F2361D9D52E5003EE97A /* ScrollViewDetailViewController.h */,
				BC15F2371D9D52E5003EE97A /* ScrollViewDetailViewController.m */,
				BC97B8071D9E267E00E9CA2F /* SelectTypeViewController.h */,
				BC97B8081D9E267E00E9CA2F /* SelectTypeViewController.m */,
				BC15F2331D9D447E003EE97A /* AllTypeViewController.h */,
				BC15F2341D9D447E003EE97A /* AllTypeViewController.m */,
				BCA0C3CE1D9E13300049E4DB /* PinShoppingViewController.h */,
				BCA0C3CF1D9E13300049E4DB /* PinShoppingViewController.m */,
				BCA0C3D11D9E13C00049E4DB /* ChoiceMenuViewController.h */,
				BCA0C3D21D9E13C00049E4DB /* ChoiceMenuViewController.m */,
				BC97B7F51D9E207300E9CA2F /* FoundViewController.h */,
				BC97B7F61D9E207300E9CA2F /* FoundViewController.m */,
				BC97B7F81D9E220600E9CA2F /* HotDetailViewController.h */,
				BC97B7F91D9E220600E9CA2F /* HotDetailViewController.m */,
				BC97B7FB1D9E226100E9CA2F /* RecipeGuyViewController.h */,
				BC97B7FC1D9E226100E9CA2F /* RecipeGuyViewController.m */,
				BC97B7FE1D9E22BC00E9CA2F /* DailyActivityViewController.h */,
				BC97B7FF1D9E22BC00E9CA2F /* DailyActivityViewController.m */,
				BC97B8011D9E241E00E9CA2F /* BigClassViewController.h */,
				BC97B8021D9E241E00E9CA2F /* BigClassViewController.m */,
				BC97B8041D9E248400E9CA2F /* NiuDetailViewController.h */,
				BC97B8051D9E248400E9CA2F /* NiuDetailViewController.m */,
			);
			path = Controller;
			sourceTree = "<group>";
		};
		BC15F2311D9D4458003EE97A /* Model */ = {
			isa = PBXGroup;
			children = (
			);
			path = Model;
			sourceTree = "<group>";
		};
		BC15F2321D9D4458003EE97A /* View */ = {
			isa = PBXGroup;
			children = (
			);
			path = View;
			sourceTree = "<group>";
		};
		BC1FFBDF1D955E2A0045D564 /* gif */ = {
			isa = PBXGroup;
			children = (
				BC1FFBE01D955E2A0045D564 /* new.gif */,
				BC1FFBE11D955E2A0045D564 /* shipu.gif */,
				BC1FFBE21D955E2A0045D564 /* zuopin.gif */,
			);
			path = gif;
			sourceTree = "<group>";
		};
		BC1FFBE61D95621C0045D564 /* NetWorkData */ = {
			isa = PBXGroup;
			children = (
				BC1FFBE71D9562480045D564 /* NetDataDownLoad.h */,
				BC1FFBE81D9562480045D564 /* NetDataDownLoad.m */,
			);
			path = NetWorkData;
			sourceTree = "<group>";
		};
		BC4B39EE1D901A8700A678E7 = {
			isa = PBXGroup;
			children = (
				BC4B39F91D901A8700A678E7 /* FitTimeFitBake */,
				BC4B39F81D901A8700A678E7 /* Products */,
				22BB29DB1880B2D6B21767BF /* Pods */,
				1792130A70CED542003EEDF8 /* Frameworks */,
			);
			sourceTree = "<group>";
		};
		BC4B39F81D901A8700A678E7 /* Products */ = {
			isa = PBXGroup;
			children = (
				BC4B39F71D901A8700A678E7 /* FitTimeFitBake.app */,
			);
			name = Products;
			sourceTree = "<group>";
		};
		BC4B39F91D901A8700A678E7 /* FitTimeFitBake */ = {
			isa = PBXGroup;
			children = (
				BC4B3A221D901D1900A678E7 /* 学烘焙 */,
				BC4B3A161D901D1900A678E7 /* 烘焙圈 */,
				BC4B3A1A1D901D1900A678E7 /* 团团 */,
				BC4B3A1E1D901D1900A678E7 /* 问答 */,
				BC4B3A111D901D1900A678E7 /* 个人 */,
				BC4B3A151D901D1900A678E7 /* 工具类 */,
				BCAB7F431D91617C00D4D615 /* PrefixHeader.pch */,
				BC4B39FA1D901A8700A678E7 /* Supporting Files */,
			);
			path = FitTimeFitBake;
			sourceTree = "<group>";
		};
		BC4B39FA1D901A8700A678E7 /* Supporting Files */ = {
			isa = PBXGroup;
			children = (
				BC9F9EB91DA51E750083B89E /* SMS_SDK */,
				BC1FFBDF1D955E2A0045D564 /* gif */,
				BCAB7F531D917BCA00D4D615 /* font */,
				BC4B39FD1D901A8700A678E7 /* AppDelegate.h */,
				BC4B39FE1D901A8700A678E7 /* AppDelegate.m */,
				BC4B3A031D901A8700A678E7 /* Main.storyboard */,
				BC4B3A061D901A8700A678E7 /* Assets.xcassets */,
				BC4B3A081D901A8700A678E7 /* LaunchScreen.storyboard */,
				BC4B3A0B1D901A8700A678E7 /* Info.plist */,
				BC4B39FB1D901A8700A678E7 /* main.m */,
			);
			name = "Supporting Files";
			sourceTree = "<group>";
		};
		BC4B3A111D901D1900A678E7 /* 个人 */ = {
			isa = PBXGroup;
			children = (
				BC4B3A121D901D1900A678E7 /* Controller */,
				BC4B3A131D901D1900A678E7 /* Model */,
				BC4B3A141D901D1900A678E7 /* View */,
			);
			path = "个人";
			sourceTree = "<group>";
		};
		BC4B3A121D901D1900A678E7 /* Controller */ = {
			isa = PBXGroup;
			children = (
				BCAB7F501D91678200D4D615 /* MeViewController.h */,
				BCAB7F511D91678200D4D615 /* MeViewController.m */,
				BC15F16D1D9C09E4003EE97A /* LoginViewController.h */,
				BC15F16E1D9C09E4003EE97A /* LoginViewController.m */,
				BC15F1701D9C09EF003EE97A /* RegisterViewController.h */,
				BC15F1711D9C09EF003EE97A /* RegisterViewController.m */,
				BC7F71A51DA78ECE00DEA2B3 /* GetMessageViewController.h */,
				BC7F71A61DA78ECE00DEA2B3 /* GetMessageViewController.m */,
			);
			path = Controller;
			sourceTree = "<group>";
		};
		BC4B3A131D901D1900A678E7 /* Model */ = {
			isa = PBXGroup;
			children = (
			);
			path = Model;
			sourceTree = "<group>";
		};
		BC4B3A141D901D1900A678E7 /* View */ = {
			isa = PBXGroup;
			children = (
				BC15F1731D9C1FD6003EE97A /* MyOtherWayLoginButton.h */,
				BC15F1741D9C1FD6003EE97A /* MyOtherWayLoginButton.m */,
			);
			path = View;
			sourceTree = "<group>";
		};
		BC4B3A151D901D1900A678E7 /* 工具类 */ = {
			isa = PBXGroup;
			children = (
				BC1FFBE61D95621C0045D564 /* NetWorkData */,
				BCAB7F391D91617200D4D615 /* category */,
				BC4B3A261D901E9400A678E7 /* DB */,
				BC4B3A271D901E9400A678E7 /* tabBar */,
			);
			path = "工具类";
			sourceTree = "<group>";
		};
		BC4B3A161D901D1900A678E7 /* 烘焙圈 */ = {
			isa = PBXGroup;
			children = (
				BC4B3A171D901D1900A678E7 /* Controller */,
				BC4B3A181D901D1900A678E7 /* Model */,
				BC4B3A191D901D1900A678E7 /* View */,
			);
			path = "烘焙圈";
			sourceTree = "<group>";
		};
		BC4B3A171D901D1900A678E7 /* Controller */ = {
			isa = PBXGroup;
			children = (
				BCAB7F471D91676200D4D615 /* BakeWayViewController.h */,
				BCAB7F481D91676200D4D615 /* BakeWayViewController.m */,
			);
			path = Controller;
			sourceTree = "<group>";
		};
		BC4B3A181D901D1900A678E7 /* Model */ = {
			isa = PBXGroup;
			children = (
				BC1FFBEA1D956E8C0045D564 /* BakeWayModel.h */,
				BC1FFBEB1D956E8D0045D564 /* BakeWayModel.m */,
				BCC9F1BD1D9952DD009C54F1 /* PicItem.h */,
				BCC9F1BE1D9952DD009C54F1 /* PicItem.m */,
			);
			path = Model;
			sourceTree = "<group>";
		};
		BC4B3A191D901D1900A678E7 /* View */ = {
			isa = PBXGroup;
			children = (
				BC1FFBDC1D95487C0045D564 /* BakeView.h */,
				BC1FFBDD1D95487C0045D564 /* BakeView.m */,
				BC1FFBF01D9578620045D564 /* BakeWayHeaderView.h */,
				BC1FFBF11D9578620045D564 /* BakeWayHeaderView.m */,
				BC1FFBF31D9578FE0045D564 /* BakeWayTableViewCell.h */,
				BC1FFBF41D9578FE0045D564 /* BakeWayTableViewCell.m */,
				BCC9F13E1D98148C009C54F1 /* MyZanButton.h */,
				BCC9F13F1D98148C009C54F1 /* MyZanButton.m */,
			);
			path = View;
			sourceTree = "<group>";
		};
		BC4B3A1A1D901D1900A678E7 /* 团团 */ = {
			isa = PBXGroup;
			children = (
				BC4B3A1B1D901D1900A678E7 /* Controller */,
				BC4B3A1C1D901D1900A678E7 /* Model */,
				BC4B3A1D1D901D1900A678E7 /* View */,
			);
			path = "团团";
			sourceTree = "<group>";
		};
		BC4B3A1B1D901D1900A678E7 /* Controller */ = {
			isa = PBXGroup;
			children = (
				BCAB7F4A1D91676D00D4D615 /* ShoppingViewController.h */,
				BCAB7F4B1D91676D00D4D615 /* ShoppingViewController.m */,
			);
			path = Controller;
			sourceTree = "<group>";
		};
		BC4B3A1C1D901D1900A678E7 /* Model */ = {
			isa = PBXGroup;
			children = (
				BCC9F2761D9A8F44009C54F1 /* TuanShopModel.h */,
				BCC9F2771D9A8F44009C54F1 /* TuanShopModel.m */,
			);
			path = Model;
			sourceTree = "<group>";
		};
		BC4B3A1D1D901D1900A678E7 /* View */ = {
			isa = PBXGroup;
			children = (
				BCC9F2001D9A31A2009C54F1 /* TuanView.h */,
				BCC9F2011D9A31A2009C54F1 /* TuanView.m */,
				BCC9F2791D9AA2D2009C54F1 /* TuanShopTableViewCell.h */,
				BCC9F27A1D9AA2D2009C54F1 /* TuanShopTableViewCell.m */,
			);
			path = View;
			sourceTree = "<group>";
		};
		BC4B3A1E1D901D1900A678E7 /* 问答 */ = {
			isa = PBXGroup;
			children = (
				BC4B3A1F1D901D1900A678E7 /* Controller */,
				BC4B3A201D901D1900A678E7 /* Model */,
				BC4B3A211D901D1900A678E7 /* View */,
			);
			path = "问答";
			sourceTree = "<group>";
		};
		BC4B3A1F1D901D1900A678E7 /* Controller */ = {
			isa = PBXGroup;
			children = (
				BCAB7F4D1D91677700D4D615 /* QuestionViewController.h */,
				BCAB7F4E1D91677700D4D615 /* QuestionViewController.m */,
			);
			path = Controller;
			sourceTree = "<group>";
		};
		BC4B3A201D901D1900A678E7 /* Model */ = {
			isa = PBXGroup;
			children = (
				BCC9F2D41D9BDC36009C54F1 /* QuestionModel.h */,
				BCC9F2D51D9BDC36009C54F1 /* QuestionModel.m */,
			);
			path = Model;
			sourceTree = "<group>";
		};
		BC4B3A211D901D1900A678E7 /* View */ = {
			isa = PBXGroup;
			children = (
				BCC9F2A91D9B7ABC009C54F1 /* QuestionView.h */,
				BCC9F2AA1D9B7ABC009C54F1 /* QuestionView.m */,
				BC15F16A1D9BF2AF003EE97A /* QuestionTableViewCell.h */,
				BC15F16B1D9BF2AF003EE97A /* QuestionTableViewCell.m */,
			);
			path = View;
			sourceTree = "<group>";
		};
		BC4B3A221D901D1900A678E7 /* 学烘焙 */ = {
			isa = PBXGroup;
			children = (
				BC4B3A231D901D1900A678E7 /* Controller */,
				BC4B3A241D901D1900A678E7 /* Model */,
				BC4B3A251D901D1900A678E7 /* View */,
				BC15F22F1D9D4458003EE97A /* 二级页面 */,
			);
			path = "学烘焙";
			sourceTree = "<group>";
		};
		BC4B3A231D901D1900A678E7 /* Controller */ = {
			isa = PBXGroup;
			children = (
				BCAB7F441D91674F00D4D615 /* LearnBakeViewController.h */,
				BCAB7F451D91674F00D4D615 /* LearnBakeViewController.m */,
			);
			path = Controller;
			sourceTree = "<group>";
		};
		BC4B3A241D901D1900A678E7 /* Model */ = {
			isa = PBXGroup;
			children = (
				BCAB7F5A1D91864F00D4D615 /* LearnBakeModel.h */,
				BCAB7F5B1D91864F00D4D615 /* LearnBakeModel.m */,
			);
			path = Model;
			sourceTree = "<group>";
		};
		BC4B3A251D901D1900A678E7 /* View */ = {
			isa = PBXGroup;
			children = (
				BCEE7CBA1D92A1AB0048DBBC /* LearnBakeView.h */,
				BCEE7CBB1D92A1AB0048DBBC /* LearnBakeView.m */,
				BCEE7CBD1D92B17A0048DBBC /* LearnBakeTableViewCell.h */,
				BCEE7CBE1D92B17A0048DBBC /* LearnBakeTableViewCell.m */,
				BC1FFBA61D93D2710045D564 /* MyHotButton.h */,
				BC1FFBA71D93D2710045D564 /* MyHotButton.m */,
				BC1FFBA31D93C2F00045D564 /* MyFoundButton.h */,
				BC1FFBA41D93C2F00045D564 /* MyFoundButton.m */,
				BC1FFBA91D93F97F0045D564 /* MyDayActityButton.h */,
				BC1FFBAA1D93F97F0045D564 /* MyDayActityButton.m */,
				BC1FFBB01D9409320045D564 /* MyBigClassButton.h */,
				BC1FFBB11D9409320045D564 /* MyBigClassButton.m */,
			);
			path = View;
			sourceTree = "<group>";
		};
		BC4B3A261D901E9400A678E7 /* DB */ = {
			isa = PBXGroup;
			children = (
			);
			path = DB;
			sourceTree = "<group>";
		};
		BC4B3A271D901E9400A678E7 /* tabBar */ = {
			isa = PBXGroup;
			children = (
				BCAB7F331D91605000D4D615 /* MyTabBarViewController.h */,
				BCAB7F341D91605000D4D615 /* MyTabBarViewController.m */,
				BCAB7F361D9160F000D4D615 /* MyNavigationViewController.h */,
				BCAB7F371D9160F000D4D615 /* MyNavigationViewController.m */,
			);
			path = tabBar;
			sourceTree = "<group>";
		};
		BC9F9EB91DA51E750083B89E /* SMS_SDK */ = {
			isa = PBXGroup;
			children = (
				BC9F9EBA1DA51E750083B89E /* MOBFoundation.framework */,
				BC9F9EBB1DA51E750083B89E /* SMS_SDK.framework */,
			);
			path = SMS_SDK;
			sourceTree = "<group>";
		};
		BCAB7F391D91617200D4D615 /* category */ = {
			isa = PBXGroup;
			children = (
				BCAB7F3A1D91617200D4D615 /* UIBarButtonItem+MyBarButtonItem.h */,
				BCAB7F3B1D91617200D4D615 /* UIBarButtonItem+MyBarButtonItem.m */,
				BCAB7F3C1D91617200D4D615 /* UINavigationItem+MyNavItem.h */,
				BCAB7F3D1D91617200D4D615 /* UINavigationItem+MyNavItem.m */,
				BCAB7F3E1D91617200D4D615 /* UIView+MyPositionSize.h */,
				BCAB7F3F1D91617200D4D615 /* UIView+MyPositionSize.m */,
			);
			path = category;
			sourceTree = "<group>";
		};
		BCAB7F531D917BCA00D4D615 /* font */ = {
			isa = PBXGroup;
			children = (
				BCAB7F541D917BCA00D4D615 /* AgencyFB.ttf */,
				BCAB7F551D917BCA00D4D615 /* BebasNeue.otf */,
				BCAB7F561D917BCA00D4D615 /* 方正兰亭纤黑_GBK.TTF */,
			);
			path = font;
			sourceTree = "<group>";
		};
/* End PBXGroup section */

/* Begin PBXNativeTarget section */
		BC4B39F61D901A8700A678E7 /* FitTimeFitBake */ = {
			isa = PBXNativeTarget;
			buildConfigurationList = BC4B3A0E1D901A8700A678E7 /* Build configuration list for PBXNativeTarget "FitTimeFitBake" */;
			buildPhases = (
				BAB529495CE489B9839A51BA /* [CP] Check Pods Manifest.lock */,
				BC4B39F31D901A8700A678E7 /* Sources */,
				BC4B39F41D901A8700A678E7 /* Frameworks */,
				BC4B39F51D901A8700A678E7 /* Resources */,
				B4F9B213AEA898D25ECF3619 /* [CP] Embed Pods Frameworks */,
				227B02C4F0B6D5E0C83DEF9F /* [CP] Copy Pods Resources */,
			);
			buildRules = (
			);
			dependencies = (
			);
			name = FitTimeFitBake;
			productName = FitTimeFitBake;
			productReference = BC4B39F71D901A8700A678E7 /* FitTimeFitBake.app */;
			productType = "com.apple.product-type.application";
		};
/* End PBXNativeTarget section */

/* Begin PBXProject section */
		BC4B39EF1D901A8700A678E7 /* Project object */ = {
			isa = PBXProject;
			attributes = {
				LastUpgradeCheck = 0730;
				ORGANIZATIONNAME = "张增强";
				TargetAttributes = {
					BC4B39F61D901A8700A678E7 = {
						CreatedOnToolsVersion = 7.3;
					};
				};
			};
			buildConfigurationList = BC4B39F21D901A8700A678E7 /* Build configuration list for PBXProject "FitTimeFitBake" */;
			compatibilityVersion = "Xcode 3.2";
			developmentRegion = English;
			hasScannedForEncodings = 0;
			knownRegions = (
				en,
				Base,
			);
			mainGroup = BC4B39EE1D901A8700A678E7;
			productRefGroup = BC4B39F81D901A8700A678E7 /* Products */;
			projectDirPath = "";
			projectRoot = "";
			targets = (
				BC4B39F61D901A8700A678E7 /* FitTimeFitBake */,
			);
		};
/* End PBXProject section */

/* Begin PBXResourcesBuildPhase section */
		BC4B39F51D901A8700A678E7 /* Resources */ = {
			isa = PBXResourcesBuildPhase;
			buildActionMask = 2147483647;
			files = (
				BC1FFBE51D955E2A0045D564 /* zuopin.gif in Resources */,
				BC4B3A0A1D901A8700A678E7 /* LaunchScreen.storyboard in Resources */,
				BC4B3A071D901A8700A678E7 /* Assets.xcassets in Resources */,
				BC4B3A051D901A8700A678E7 /* Main.storyboard in Resources */,
				BCAB7F591D917BCA00D4D615 /* 方正兰亭纤黑_GBK.TTF in Resources */,
				BC1FFBE31D955E2A0045D564 /* new.gif in Resources */,
				BCAB7F581D917BCA00D4D615 /* BebasNeue.otf in Resources */,
				BC1FFBE41D955E2A0045D564 /* shipu.gif in Resources */,
				BCAB7F571D917BCA00D4D615 /* AgencyFB.ttf in Resources */,
			);
			runOnlyForDeploymentPostprocessing = 0;
		};
/* End PBXResourcesBuildPhase section */

/* Begin PBXShellScriptBuildPhase section */
		227B02C4F0B6D5E0C83DEF9F /* [CP] Copy Pods Resources */ = {
			isa = PBXShellScriptBuildPhase;
			buildActionMask = 2147483647;
			files = (
			);
			inputPaths = (
			);
			name = "[CP] Copy Pods Resources";
			outputPaths = (
			);
			runOnlyForDeploymentPostprocessing = 0;
			shellPath = /bin/sh;
			shellScript = "\"${SRCROOT}/Pods/Target Support Files/Pods-FitTimeFitBake/Pods-FitTimeFitBake-resources.sh\"\n";
			showEnvVarsInLog = 0;
		};
		B4F9B213AEA898D25ECF3619 /* [CP] Embed Pods Frameworks */ = {
			isa = PBXShellScriptBuildPhase;
			buildActionMask = 2147483647;
			files = (
			);
			inputPaths = (
			);
			name = "[CP] Embed Pods Frameworks";
			outputPaths = (
			);
			runOnlyForDeploymentPostprocessing = 0;
			shellPath = /bin/sh;
			shellScript = "\"${SRCROOT}/Pods/Target Support Files/Pods-FitTimeFitBake/Pods-FitTimeFitBake-frameworks.sh\"\n";
			showEnvVarsInLog = 0;
		};
		BAB529495CE489B9839A51BA /* [CP] Check Pods Manifest.lock */ = {
			isa = PBXShellScriptBuildPhase;
			buildActionMask = 2147483647;
			files = (
			);
			inputPaths = (
			);
			name = "[CP] Check Pods Manifest.lock";
			outputPaths = (
			);
			runOnlyForDeploymentPostprocessing = 0;
			shellPath = /bin/sh;
			shellScript = "diff \"${PODS_ROOT}/../Podfile.lock\" \"${PODS_ROOT}/Manifest.lock\" > /dev/null\nif [ $? != 0 ] ; then\n    # print error to STDERR\n    echo \"error: The sandbox is not in sync with the Podfile.lock. Run 'pod install' or update your CocoaPods installation.\" >&2\n    exit 1\nfi\n";
			showEnvVarsInLog = 0;
		};
/* End PBXShellScriptBuildPhase section */

/* Begin PBXSourcesBuildPhase section */
		BC4B39F31D901A8700A678E7 /* Sources */ = {
			isa = PBXSourcesBuildPhase;
			buildActionMask = 2147483647;
			files = (
				BCAB7F4C1D91676D00D4D615 /* ShoppingViewController.m in Sources */,
				BC15F1721D9C09EF003EE97A /* RegisterViewController.m in Sources */,
				BC1FFBE91D9562480045D564 /* NetDataDownLoad.m in Sources */,
				BCC9F2D61D9BDC36009C54F1 /* QuestionModel.m in Sources */,
				BC97B8091D9E267E00E9CA2F /* SelectTypeViewController.m in Sources */,
				BC15F2381D9D52E5003EE97A /* ScrollViewDetailViewController.m in Sources */,
				BCAB7F461D91674F00D4D615 /* LearnBakeViewController.m in Sources */,
				BCA0C3D31D9E13C00049E4DB /* ChoiceMenuViewController.m in Sources */,
				BC7F71A71DA78ECE00DEA2B3 /* GetMessageViewController.m in Sources */,
				BCAB7F381D9160F000D4D615 /* MyNavigationViewController.m in Sources */,
				BC4B39FF1D901A8700A678E7 /* AppDelegate.m in Sources */,
				BC97B8001D9E22BC00E9CA2F /* DailyActivityViewController.m in Sources */,
				BC1FFBAB1D93F97F0045D564 /* MyDayActityButton.m in Sources */,
				BCAB7F491D91676200D4D615 /* BakeWayViewController.m in Sources */,
				BCC9F1BF1D9952DD009C54F1 /* PicItem.m in Sources */,
				BCAB7F351D91605000D4D615 /* MyTabBarViewController.m in Sources */,
				BCC9F2781D9A8F44009C54F1 /* TuanShopModel.m in Sources */,
				BC97B7FD1D9E226100E9CA2F /* RecipeGuyViewController.m in Sources */,
				BC1FFBF51D9578FE0045D564 /* BakeWayTableViewCell.m in Sources */,
				BCA0C3D01D9E13300049E4DB /* PinShoppingViewController.m in Sources */,
				BC97B8031D9E241E00E9CA2F /* BigClassViewController.m in Sources */,
				BC97B8061D9E248400E9CA2F /* NiuDetailViewController.m in Sources */,
				BC1FFBDE1D95487C0045D564 /* BakeView.m in Sources */,
				BC15F16C1D9BF2AF003EE97A /* QuestionTableViewCell.m in Sources */,
				BCAB7F521D91678200D4D615 /* MeViewController.m in Sources */,
				BC97B7F71D9E207300E9CA2F /* FoundViewController.m in Sources */,
				BC1FFBB21D9409320045D564 /* MyBigClassButton.m in Sources */,
				BCAB7F4F1D91677700D4D615 /* QuestionViewController.m in Sources */,
				BC15F1751D9C1FD6003EE97A /* MyOtherWayLoginButton.m in Sources */,
				BC1FFBF21D9578620045D564 /* BakeWayHeaderView.m in Sources */,
				BC1FFBA51D93C2F00045D564 /* MyFoundButton.m in Sources */,
				BCAB7F421D91617200D4D615 /* UIView+MyPositionSize.m in Sources */,
				BC15F16F1D9C09E4003EE97A /* LoginViewController.m in Sources */,
				BC1FFBEC1D956E8D0045D564 /* BakeWayModel.m in Sources */,
				BCAB7F411D91617200D4D615 /* UINavigationItem+MyNavItem.m in Sources */,
				BCC9F2AB1D9B7ABC009C54F1 /* QuestionView.m in Sources */,
				BCEE7CBC1D92A1AB0048DBBC /* LearnBakeView.m in Sources */,
				BC4B39FC1D901A8700A678E7 /* main.m in Sources */,
				BCC9F1401D98148C009C54F1 /* MyZanButton.m in Sources */,
				BCC9F27B1D9AA2D2009C54F1 /* TuanShopTableViewCell.m in Sources */,
				BCAB7F5C1D91864F00D4D615 /* LearnBakeModel.m in Sources */,
				BCEE7CBF1D92B17A0048DBBC /* LearnBakeTableViewCell.m in Sources */,
				BC15F2351D9D447E003EE97A /* AllTypeViewController.m in Sources */,
				BCAB7F401D91617200D4D615 /* UIBarButtonItem+MyBarButtonItem.m in Sources */,
				BC97B7FA1D9E220600E9CA2F /* HotDetailViewController.m in Sources */,
				BCC9F2021D9A31A2009C54F1 /* TuanView.m in Sources */,
				BC1FFBA81D93D2710045D564 /* MyHotButton.m in Sources */,
			);
			runOnlyForDeploymentPostprocessing = 0;
		};
/* End PBXSourcesBuildPhase section */

/* Begin PBXVariantGroup section */
		BC4B3A031D901A8700A678E7 /* Main.storyboard */ = {
			isa = PBXVariantGroup;
			children = (
				BC4B3A041D901A8700A678E7 /* Base */,
			);
			name = Main.storyboard;
			sourceTree = "<group>";
		};
		BC4B3A081D901A8700A678E7 /* LaunchScreen.storyboard */ = {
			isa = PBXVariantGroup;
			children = (
				BC4B3A091D901A8700A678E7 /* Base */,
			);
			name = LaunchScreen.storyboard;
			sourceTree = "<group>";
		};
/* End PBXVariantGroup section */

/* Begin XCBuildConfiguration section */
		BC4B3A0C1D901A8700A678E7 /* Debug */ = {
			isa = XCBuildConfiguration;
			buildSettings = {
				ALWAYS_SEARCH_USER_PATHS = NO;
				CLANG_ANALYZER_NONNULL = YES;
				CLANG_CXX_LANGUAGE_STANDARD = "gnu++0x";
				CLANG_CXX_LIBRARY = "libc++";
				CLANG_ENABLE_MODULES = YES;
				CLANG_ENABLE_OBJC_ARC = YES;
				CLANG_WARN_BOOL_CONVERSION = YES;
				CLANG_WARN_CONSTANT_CONVERSION = YES;
				CLANG_WARN_DIRECT_OBJC_ISA_USAGE = YES_ERROR;
				CLANG_WARN_EMPTY_BODY = YES;
				CLANG_WARN_ENUM_CONVERSION = YES;
				CLANG_WARN_INT_CONVERSION = YES;
				CLANG_WARN_OBJC_ROOT_CLASS = YES_ERROR;
				CLANG_WARN_UNREACHABLE_CODE = YES;
				CLANG_WARN__DUPLICATE_METHOD_MATCH = YES;
				CODE_SIGN_IDENTITY = "iPhone Distribution: DuanChongchong China Henan province (P28THB67HH)";
				"CODE_SIGN_IDENTITY[sdk=iphoneos*]" = "iPhone Distribution: DuanChongchong China Henan province (P28THB67HH)";
				COPY_PHASE_STRIP = NO;
				DEBUG_INFORMATION_FORMAT = dwarf;
				ENABLE_BITCODE = NO;
				ENABLE_STRICT_OBJC_MSGSEND = YES;
				ENABLE_TESTABILITY = YES;
				GCC_C_LANGUAGE_STANDARD = gnu99;
				GCC_DYNAMIC_NO_PIC = NO;
				GCC_NO_COMMON_BLOCKS = YES;
				GCC_OPTIMIZATION_LEVEL = 0;
				GCC_PREPROCESSOR_DEFINITIONS = (
					"DEBUG=1",
					"$(inherited)",
				);
				GCC_WARN_64_TO_32_BIT_CONVERSION = YES;
				GCC_WARN_ABOUT_RETURN_TYPE = YES_ERROR;
				GCC_WARN_UNDECLARED_SELECTOR = YES;
				GCC_WARN_UNINITIALIZED_AUTOS = YES_AGGRESSIVE;
				GCC_WARN_UNUSED_FUNCTION = YES;
				GCC_WARN_UNUSED_VARIABLE = YES;
				IPHONEOS_DEPLOYMENT_TARGET = 9.3;
				MTL_ENABLE_DEBUG_INFO = YES;
				ONLY_ACTIVE_ARCH = YES;
				PROVISIONING_PROFILE = "9555699f-7a56-42d2-80a5-f0d49bdc7092";
				SDKROOT = iphoneos;
			};
			name = Debug;
		};
		BC4B3A0D1D901A8700A678E7 /* Release */ = {
			isa = XCBuildConfiguration;
			buildSettings = {
				ALWAYS_SEARCH_USER_PATHS = NO;
				CLANG_ANALYZER_NONNULL = YES;
				CLANG_CXX_LANGUAGE_STANDARD = "gnu++0x";
				CLANG_CXX_LIBRARY = "libc++";
				CLANG_ENABLE_MODULES = YES;
				CLANG_ENABLE_OBJC_ARC = YES;
				CLANG_WARN_BOOL_CONVERSION = YES;
				CLANG_WARN_CONSTANT_CONVERSION = YES;
				CLANG_WARN_DIRECT_OBJC_ISA_USAGE = YES_ERROR;
				CLANG_WARN_EMPTY_BODY = YES;
				CLANG_WARN_ENUM_CONVERSION = YES;
				CLANG_WARN_INT_CONVERSION = YES;
				CLANG_WARN_OBJC_ROOT_CLASS = YES_ERROR;
				CLANG_WARN_UNREACHABLE_CODE = YES;
				CLANG_WARN__DUPLICATE_METHOD_MATCH = YES;
				CODE_SIGN_IDENTITY = "iPhone Distribution: DuanChongchong China Henan province (P28THB67HH)";
				"CODE_SIGN_IDENTITY[sdk=iphoneos*]" = "iPhone Distribution: DuanChongchong China Henan province (P28THB67HH)";
				COPY_PHASE_STRIP = NO;
				DEBUG_INFORMATION_FORMAT = "dwarf-with-dsym";
				ENABLE_BITCODE = NO;
				ENABLE_NS_ASSERTIONS = NO;
				ENABLE_STRICT_OBJC_MSGSEND = YES;
				GCC_C_LANGUAGE_STANDARD = gnu99;
				GCC_NO_COMMON_BLOCKS = YES;
				GCC_WARN_64_TO_32_BIT_CONVERSION = YES;
				GCC_WARN_ABOUT_RETURN_TYPE = YES_ERROR;
				GCC_WARN_UNDECLARED_SELECTOR = YES;
				GCC_WARN_UNINITIALIZED_AUTOS = YES_AGGRESSIVE;
				GCC_WARN_UNUSED_FUNCTION = YES;
				GCC_WARN_UNUSED_VARIABLE = YES;
				IPHONEOS_DEPLOYMENT_TARGET = 9.3;
				MTL_ENABLE_DEBUG_INFO = NO;
				PROVISIONING_PROFILE = "9555699f-7a56-42d2-80a5-f0d49bdc7092";
				SDKROOT = iphoneos;
				VALIDATE_PRODUCT = YES;
			};
			name = Release;
		};
		BC4B3A0F1D901A8700A678E7 /* Debug */ = {
			isa = XCBuildConfiguration;
			baseConfigurationReference = D91D8AF74C439ACF74930561 /* Pods-FitTimeFitBake.debug.xcconfig */;
			buildSettings = {
				ASSETCATALOG_COMPILER_APPICON_NAME = AppIcon;
				CODE_SIGN_IDENTITY = "iPhone Distribution: DuanChongchong China Henan province (P28THB67HH)";
				FRAMEWORK_SEARCH_PATHS = (
					"$(inherited)",
					"$(PROJECT_DIR)/FitTimeFitBake/SMS_SDK",
				);
				GCC_PREFIX_HEADER = "FitTimeFitBake/工具类/PrefixHeader.pch";
				INFOPLIST_FILE = FitTimeFitBake/Info.plist;
				LD_RUNPATH_SEARCH_PATHS = "$(inherited) @executable_path/Frameworks";
				PRODUCT_BUNDLE_IDENTIFIER = com.ben.FitTimeFitBake;
				PRODUCT_NAME = "$(TARGET_NAME)";
				PROVISIONING_PROFILE = "9555699f-7a56-42d2-80a5-f0d49bdc7092";
			};
			name = Debug;
		};
		BC4B3A101D901A8700A678E7 /* Release */ = {
			isa = XCBuildConfiguration;
			baseConfigurationReference = 915AFBA58995A8FA4CB304B0 /* Pods-FitTimeFitBake.release.xcconfig */;
			buildSettings = {
				ASSETCATALOG_COMPILER_APPICON_NAME = AppIcon;
				CODE_SIGN_IDENTITY = "iPhone Distribution: DuanChongchong China Henan province (P28THB67HH)";
				FRAMEWORK_SEARCH_PATHS = (
					"$(inherited)",
					"$(PROJECT_DIR)/FitTimeFitBake/SMS_SDK",
				);
				GCC_PREFIX_HEADER = "FitTimeFitBake/工具类/PrefixHeader.pch";
				INFOPLIST_FILE = FitTimeFitBake/Info.plist;
				LD_RUNPATH_SEARCH_PATHS = "$(inherited) @executable_path/Frameworks";
				PRODUCT_BUNDLE_IDENTIFIER = com.ben.FitTimeFitBake;
				PRODUCT_NAME = "$(TARGET_NAME)";
				PROVISIONING_PROFILE = "9555699f-7a56-42d2-80a5-f0d49bdc7092";
			};
			name = Release;
		};
/* End XCBuildConfiguration section */

/* Begin XCConfigurationList section */
		BC4B39F21D901A8700A678E7 /* Build configuration list for PBXProject "FitTimeFitBake" */ = {
			isa = XCConfigurationList;
			buildConfigurations = (
				BC4B3A0C1D901A8700A678E7 /* Debug */,
				BC4B3A0D1D901A8700A678E7 /* Release */,
			);
			defaultConfigurationIsVisible = 0;
			defaultConfigurationName = Release;
		};
		BC4B3A0E1D901A8700A678E7 /* Build configuration list for PBXNativeTarget "FitTimeFitBake" */ = {
			isa = XCConfigurationList;
			buildConfigurations = (
				BC4B3A0F1D901A8700A678E7 /* Debug */,
				BC4B3A101D901A8700A678E7 /* Release */,
			);
			defaultConfigurationIsVisible = 0;
			defaultConfigurationName = Release;
		};
/* End XCConfigurationList section */
	};
	rootObject = BC4B39EF1D901A8700A678E7 /* Project object */;
}
